{
  "name": "npm-packlist-cli",
  "version": "1.0.0",
  "lockfileVersion": 1,
  "requires": true,
  "dependencies": {
    "balanced-match": {
      "version": "1.0.0",
      "resolved": "https://registry.npmjs.org/balanced-match/-/balanced-match-1.0.0.tgz",
      "integrity": "sha1-ibTRmasr7kneFk6gK4nORi1xt2c="
    },
    "brace-expansion": {
      "version": "1.1.11",
      "resolved": "https://registry.npmjs.org/brace-expansion/-/brace-expansion-1.1.11.tgz",
      "integrity": "sha512-iCuPHDFgrHX7H2vEI/5xpz07zSHB00TpugqhmYtVmMO6518mCuRMoOYFldEBl0g187ufozdaHgWKcYFb61qGiA==",
      "requires": {
        "balanced-match": "1.0.0",
        "concat-map": "0.0.1"
      }
    },
    "concat-map": {
      "version": "0.0.1",
      "resolved": "https://registry.npmjs.org/concat-map/-/concat-map-0.0.1.tgz",
      "integrity": "sha1-2Klr13/Wjfd5OnMDajug1UBdR3s="
    },
    "ignore-walk": {
      "version": "3.0.1",
      "resolved": "https://registry.npmjs.org/ignore-walk/-/ignore-walk-3.0.1.tgz",
      "integrity": "sha512-DTVlMx3IYPe0/JJcYP7Gxg7ttZZu3IInhuEhbchuqneY9wWe5Ojy2mXLBaQFUQmo0AW2r3qG7m1mg86js+gnlQ==",
      "requires": {
        "minimatch": "3.0.4"
      }
    },
    "minimatch": {
      "version": "3.0.4",
      "resolved": "https://registry.npmjs.org/minimatch/-/minimatch-3.0.4.tgz",
      "integrity": "sha512-yJHVQEhyqPLUTgt9B83PXu6W3rx4MvvHvSUvToogpwoGDOUQ+yDrR0HRot+yOCdCO7u4hX3pWft6kWBBcqh0UA==",
      "requires": {
        "brace-expansion": "1.1.11"
      }
    },
    "minimist": {
      "version": "1.2.0",
      "resolved": "https://registry.npmjs.org/minimist/-/minimist-1.2.0.tgz",
      "integrity": "sha1-o1AIsg9BOD7sH7kU9M1d95omQoQ="
    },
    "npm-bundled": {
      "version": "1.0.3",
      "resolved": "https://registry.npmjs.org/npm-bundled/-/npm-bundled-1.0.3.tgz",
      "integrity": "sha512-ByQ3oJ/5ETLyglU2+8dBObvhfWXX8dtPZDMePCahptliFX2iIuhyEszyFk401PZUNQH20vvdW5MLjJxkwU80Ow=="
    },
    "npm-packlist": {
      "version": "1.1.10",
      "resolved": "https://registry.npmjs.org/npm-packlist/-/npm-packlist-1.1.10.tgz",
      "integrity": "sha512-AQC0Dyhzn4EiYEfIUjCdMl0JJ61I2ER9ukf/sLxJUcZHfo+VyEfz2rMJgLZSS1v30OxPQe1cN0LZA1xbcaVfWA==",
      "requires": {
        "ignore-walk": "3.0.1",
        "npm-bundled": "1.0.3"
      }
    }
  }
}
